Microsoft Visual Studio Solution File, Format Version 12.00
# Visual Studio Version 17
VisualStudioVersion = 17.5.2.0
MinimumVisualStudioVersion = 10.0.40219.1
Project("{FAE04EC0-301F-11D3-BF4B-00C04F79EFBC}") = "Assessment1", "Assessment1.csproj", "{DC250C03-AEC4-A6FF-BA0D-1C4454D49C47}"
EndProject
Global
	GlobalSection(SolutionConfigurationPlatforms) = preSolution
		Debug|Any CPU = Debug|Any CPU
		Release|Any CPU = Release|Any CPU
	EndGlobalSection
	GlobalSection(ProjectConfigurationPlatforms) = postSolution
		{DC250C03-AEC4-A6FF-BA0D-1C4454D49C47}.Debug|Any CPU.ActiveCfg = Debug|Any CPU
		{DC250C03-AEC4-A6FF-BA0D-1C4454D49C47}.Debug|Any CPU.Build.0 = Debug|Any CPU
		{DC250C03-AEC4-A6FF-BA0D-1C4454D49C47}.Release|Any CPU.ActiveCfg = Release|Any CPU
		{DC250C03-AEC4-A6FF-BA0D-1C4454D49C47}.Release|Any CPU.Build.0 = Release|Any CPU
	EndGlobalSection
	GlobalSection(SolutionProperties) = preSolution
		HideSolutionNode = FALSE
	EndGlobalSection
	GlobalSection(ExtensibilityGlobals) = postSolution
		SolutionGuid = {F2CB6FF1-34BB-4AAB-9186-170B9C8B20C6}
	EndGlobalSection
EndGlobal
