
Microsoft Visual Studio Solution File, Format Version 12.00
# Visual Studio Version 17
VisualStudioVersion = 17.5.2.0
MinimumVisualStudioVersion = 10.0.40219.1
Project("{FAE04EC0-301F-11D3-BF4B-00C04F79EFBC}") = "Day3Demo", "Day3Demo.csproj", "{8913BF3C-F25C-2AD7-B46B-5A910D26A593}"
EndProject
Project("{FAE04EC0-301F-11D3-BF4B-00C04F79EFBC}") = "ConsoleApp1", "ConsoleApp1\ConsoleApp1.csproj", "{614510A1-2357-4619-B809-313E0C84D8E7}"
EndProject
Global
	GlobalSection(SolutionConfigurationPlatforms) = preSolution
		Debug|Any CPU = Debug|Any CPU
		Debug|x64 = Debug|x64
		Debug|x86 = Debug|x86
		Release|Any CPU = Release|Any CPU
		Release|x64 = Release|x64
		Release|x86 = Release|x86
	EndGlobalSection
	GlobalSection(ProjectConfigurationPlatforms) = postSolution
		{8913BF3C-F25C-2AD7-B46B-5A910D26A593}.Debug|Any CPU.ActiveCfg = Debug|Any CPU
		{8913BF3C-F25C-2AD7-B46B-5A910D26A593}.Debug|Any CPU.Build.0 = Debug|Any CPU
		{8913BF3C-F25C-2AD7-B46B-5A910D26A593}.Debug|x64.ActiveCfg = Debug|Any CPU
		{8913BF3C-F25C-2AD7-B46B-5A910D26A593}.Debug|x64.Build.0 = Debug|Any CPU
		{8913BF3C-F25C-2AD7-B46B-5A910D26A593}.Debug|x86.ActiveCfg = Debug|Any CPU
		{8913BF3C-F25C-2AD7-B46B-5A910D26A593}.Debug|x86.Build.0 = Debug|Any CPU
		{8913BF3C-F25C-2AD7-B46B-5A910D26A593}.Release|Any CPU.ActiveCfg = Release|Any CPU
		{8913BF3C-F25C-2AD7-B46B-5A910D26A593}.Release|Any CPU.Build.0 = Release|Any CPU
		{8913BF3C-F25C-2AD7-B46B-5A910D26A593}.Release|x64.ActiveCfg = Release|Any CPU
		{8913BF3C-F25C-2AD7-B46B-5A910D26A593}.Release|x64.Build.0 = Release|Any CPU
		{8913BF3C-F25C-2AD7-B46B-5A910D26A593}.Release|x86.ActiveCfg = Release|Any CPU
		{8913BF3C-F25C-2AD7-B46B-5A910D26A593}.Release|x86.Build.0 = Release|Any CPU
		{614510A1-2357-4619-B809-313E0C84D8E7}.Debug|Any CPU.ActiveCfg = Debug|Any CPU
		{614510A1-2357-4619-B809-313E0C84D8E7}.Debug|Any CPU.Build.0 = Debug|Any CPU
		{614510A1-2357-4619-B809-313E0C84D8E7}.Debug|x64.ActiveCfg = Debug|Any CPU
		{614510A1-2357-4619-B809-313E0C84D8E7}.Debug|x64.Build.0 = Debug|Any CPU
		{614510A1-2357-4619-B809-313E0C84D8E7}.Debug|x86.ActiveCfg = Debug|Any CPU
		{614510A1-2357-4619-B809-313E0C84D8E7}.Debug|x86.Build.0 = Debug|Any CPU
		{614510A1-2357-4619-B809-313E0C84D8E7}.Release|Any CPU.ActiveCfg = Release|Any CPU
		{614510A1-2357-4619-B809-313E0C84D8E7}.Release|Any CPU.Build.0 = Release|Any CPU
		{614510A1-2357-4619-B809-313E0C84D8E7}.Release|x64.ActiveCfg = Release|Any CPU
		{614510A1-2357-4619-B809-313E0C84D8E7}.Release|x64.Build.0 = Release|Any CPU
		{614510A1-2357-4619-B809-313E0C84D8E7}.Release|x86.ActiveCfg = Release|Any CPU
		{614510A1-2357-4619-B809-313E0C84D8E7}.Release|x86.Build.0 = Release|Any CPU
	EndGlobalSection
	GlobalSection(SolutionProperties) = preSolution
		HideSolutionNode = FALSE
	EndGlobalSection
	GlobalSection(ExtensibilityGlobals) = postSolution
		SolutionGuid = {28B6E28C-2162-4187-9AAA-91A59507C774}
	EndGlobalSection
EndGlobal
