Microsoft Visual Studio Solution File, Format Version 12.00
# Visual Studio Version 17
VisualStudioVersion = 17.5.2.0
MinimumVisualStudioVersion = 10.0.40219.1
Project("{FAE04EC0-301F-11D3-BF4B-00C04F79EFBC}") = "day14Demo", "day14Demo.csproj", "{0594EF19-E877-5824-FF16-AD684196894A}"
EndProject
Global
	GlobalSection(SolutionConfigurationPlatforms) = preSolution
		Debug|Any CPU = Debug|Any CPU
		Release|Any CPU = Release|Any CPU
	EndGlobalSection
	GlobalSection(ProjectConfigurationPlatforms) = postSolution
		{0594EF19-E877-5824-FF16-AD684196894A}.Debug|Any CPU.ActiveCfg = Debug|Any CPU
		{0594EF19-E877-5824-FF16-AD684196894A}.Debug|Any CPU.Build.0 = Debug|Any CPU
		{0594EF19-E877-5824-FF16-AD684196894A}.Release|Any CPU.ActiveCfg = Release|Any CPU
		{0594EF19-E877-5824-FF16-AD684196894A}.Release|Any CPU.Build.0 = Release|Any CPU
	EndGlobalSection
	GlobalSection(SolutionProperties) = preSolution
		HideSolutionNode = FALSE
	EndGlobalSection
	GlobalSection(ExtensibilityGlobals) = postSolution
		SolutionGuid = {AB02B932-E173-4F39-BE48-ED9CDB82B258}
	EndGlobalSection
EndGlobal
